
Microsoft Visual Studio Solution File, Format Version 12.00
# Visual Studio Version 17
VisualStudioVersion = 17.1.32414.318
MinimumVisualStudioVersion = 10.0.40219.1
Project("{9A19103F-16F7-4668-BE54-9A1E7A4F7556}") = "wbzf", "wbzf\wbzf.csproj", "{CF944BF9-914F-4B86-8425-20F5EE479C36}"
EndProject
Project("{9A19103F-16F7-4668-BE54-9A1E7A4F7556}") = "wbzf.DataAccess", "wbzf.DataAccess\wbzf.DataAccess.csproj", "{4DC4E6D6-E70C-4F31-84CF-2BAB8758C365}"
EndProject
Project("{9A19103F-16F7-4668-BE54-9A1E7A4F7556}") = "wbzf.Model", "wbzf.Model\wbzf.Model.csproj", "{3921EC70-0934-45C7-8B17-97C2CDF52C8D}"
EndProject
Project("{9A19103F-16F7-4668-BE54-9A1E7A4F7556}") = "wbzf.Utility", "wbzf.Utility\wbzf.Utility.csproj", "{7D95FF1A-AA50-47E5-82D2-58ECE8613E71}"
EndProject
Global
	GlobalSection(SolutionConfigurationPlatforms) = preSolution
		Debug|Any CPU = Debug|Any CPU
		Release|Any CPU = Release|Any CPU
	EndGlobalSection
	GlobalSection(ProjectConfigurationPlatforms) = postSolution
		{CF944BF9-914F-4B86-8425-20F5EE479C36}.Debug|Any CPU.ActiveCfg = Debug|Any CPU
		{CF944BF9-914F-4B86-8425-20F5EE479C36}.Debug|Any CPU.Build.0 = Debug|Any CPU
		{CF944BF9-914F-4B86-8425-20F5EE479C36}.Release|Any CPU.ActiveCfg = Release|Any CPU
		{CF944BF9-914F-4B86-8425-20F5EE479C36}.Release|Any CPU.Build.0 = Release|Any CPU
		{4DC4E6D6-E70C-4F31-84CF-2BAB8758C365}.Debug|Any CPU.ActiveCfg = Debug|Any CPU
		{4DC4E6D6-E70C-4F31-84CF-2BAB8758C365}.Debug|Any CPU.Build.0 = Debug|Any CPU
		{4DC4E6D6-E70C-4F31-84CF-2BAB8758C365}.Release|Any CPU.ActiveCfg = Release|Any CPU
		{4DC4E6D6-E70C-4F31-84CF-2BAB8758C365}.Release|Any CPU.Build.0 = Release|Any CPU
		{3921EC70-0934-45C7-8B17-97C2CDF52C8D}.Debug|Any CPU.ActiveCfg = Debug|Any CPU
		{3921EC70-0934-45C7-8B17-97C2CDF52C8D}.Debug|Any CPU.Build.0 = Debug|Any CPU
		{3921EC70-0934-45C7-8B17-97C2CDF52C8D}.Release|Any CPU.ActiveCfg = Release|Any CPU
		{3921EC70-0934-45C7-8B17-97C2CDF52C8D}.Release|Any CPU.Build.0 = Release|Any CPU
		{7D95FF1A-AA50-47E5-82D2-58ECE8613E71}.Debug|Any CPU.ActiveCfg = Debug|Any CPU
		{7D95FF1A-AA50-47E5-82D2-58ECE8613E71}.Debug|Any CPU.Build.0 = Debug|Any CPU
		{7D95FF1A-AA50-47E5-82D2-58ECE8613E71}.Release|Any CPU.ActiveCfg = Release|Any CPU
		{7D95FF1A-AA50-47E5-82D2-58ECE8613E71}.Release|Any CPU.Build.0 = Release|Any CPU
	EndGlobalSection
	GlobalSection(SolutionProperties) = preSolution
		HideSolutionNode = FALSE
	EndGlobalSection
	GlobalSection(ExtensibilityGlobals) = postSolution
		SolutionGuid = {AA0B900C-AEDC-45CA-B77E-6D118645DA72}
	EndGlobalSection
EndGlobal
